
Microsoft Visual Studio Solution File, Format Version 12.00
Project("{FAE04EC0-301F-11D3-BF4B-00C04F79EFBC}") = "LmsCopy.Web", "LmsCopy.Web\LmsCopy.Web.csproj", "{07B2BF90-884C-43AE-813B-74317A507F31}"
EndProject
Global
	GlobalSection(SolutionConfigurationPlatforms) = preSolution
		Debug|Any CPU = Debug|Any CPU
		Release|Any CPU = Release|Any CPU
	EndGlobalSection
	GlobalSection(ProjectConfigurationPlatforms) = postSolution
		{07B2BF90-884C-43AE-813B-74317A507F31}.Debug|Any CPU.ActiveCfg = Debug|Any CPU
		{07B2BF90-884C-43AE-813B-74317A507F31}.Debug|Any CPU.Build.0 = Debug|Any CPU
		{07B2BF90-884C-43AE-813B-74317A507F31}.Release|Any CPU.ActiveCfg = Release|Any CPU
		{07B2BF90-884C-43AE-813B-74317A507F31}.Release|Any CPU.Build.0 = Release|Any CPU
	EndGlobalSection
EndGlobal
